{
  "name": "@codetrix-studio/capacitor-google-auth",
  "version": "2.1.3",
  "lockfileVersion": 2,
  "requires": true,
  "packages": {
    "": {
      "name": "@codetrix-studio/capacitor-google-auth",
      "version": "2.1.3",
      "license": "MIT",
      "dependencies": {
        "@capacitor/core": "3.0.0-rc.0"
      },
      "devDependencies": {
        "@capacitor/android": "3.0.0-rc.0",
        "@capacitor/ios": "3.0.0-rc.0",
        "@types/gapi": "0.0.36",
        "@types/gapi.auth2": "0.0.50",
        "typescript": "^3.2.4"
      }
    },
    "node_modules/@capacitor/android": {
      "version": "3.0.0-rc.0",
      "resolved": "https://registry.npmjs.org/@capacitor/android/-/android-3.0.0-rc.0.tgz",
      "integrity": "sha512-61CDzUQ6H3uqM/jmvq40wX4c0HuUAQvdBsvF94mGlFU3IKtjAjFV/UyrLfYgdL6v1RD+hv6UGUUj9k1Kto7sPA==",
      "dev": true,
      "peerDependencies": {
        "@capacitor/core": "~3.0.0-rc.0"
      }
    },
    "node_modules/@capacitor/core": {
      "version": "3.0.0-rc.0",
      "resolved": "https://registry.npmjs.org/@capacitor/core/-/core-3.0.0-rc.0.tgz",
      "integrity": "sha512-mg9k9iP+/yZ/uEqnOO+Pqc6Dqlyz98y19gNTP3q5dcUBVizGLaze615jt7xwjRppXlmCm+DMD1lN68ye8gU/dw==",
      "dependencies": {
        "tslib": "^2.1.0"
      }
    },
    "node_modules/@capacitor/ios": {
      "version": "3.0.0-rc.0",
      "resolved": "https://registry.npmjs.org/@capacitor/ios/-/ios-3.0.0-rc.0.tgz",
      "integrity": "sha512-c92qeHIKoC/HPBB9Ji+kdn9LJ2HPeRoWpamV/7OOlS2SAB+GjHWHWjuP8aWLnUFqFZxI7Mfrfo65Gd6N4haoGw==",
      "dev": true,
      "peerDependencies": {
        "@capacitor/core": "~3.0.0-rc.0"
      }
    },
    "node_modules/@types/gapi": {
      "version": "0.0.36",
      "resolved": "https://registry.npmjs.org/@types/gapi/-/gapi-0.0.36.tgz",
      "integrity": "sha512-biMDn3eNRoPEMaPTEn5DwKXu64ng3U3cDQkePOllZ7uTRcA9lpPqwcLrDPF1cP0v+CrAtyv8w95/eVDSsQYPYQ==",
      "dev": true
    },
    "node_modules/@types/gapi.auth2": {
      "version": "0.0.50",
      "resolved": "https://registry.npmjs.org/@types/gapi.auth2/-/gapi.auth2-0.0.50.tgz",
      "integrity": "sha512-yQe75u0GZZYGg1VLnnGAK4mpb1gJrTSNPCDncEBrVpMuWQY2etBgrdPFDeR5dDn9ntZCjmuD9bMptdxCke+1bQ==",
      "dev": true,
      "dependencies": {
        "@types/gapi": "*"
      }
    },
    "node_modules/tslib": {
      "version": "2.1.0",
      "resolved": "https://registry.npmjs.org/tslib/-/tslib-2.1.0.tgz",
      "integrity": "sha512-hcVC3wYEziELGGmEEXue7D75zbwIIVUMWAVbHItGPx0ziyXxrOMQx4rQEVEV45Ut/1IotuEvwqPopzIOkDMf0A=="
    },
    "node_modules/typescript": {
      "version": "3.4.5",
      "resolved": "https://registry.npmjs.org/typescript/-/typescript-3.4.5.tgz",
      "integrity": "sha512-YycBxUb49UUhdNMU5aJ7z5Ej2XGmaIBL0x34vZ82fn3hGvD+bgrMrVDpatgz2f7YxUMJxMkbWxJZeAvDxVe7Vw==",
      "dev": true,
      "bin": {
        "tsc": "bin/tsc",
        "tsserver": "bin/tsserver"
      },
      "engines": {
        "node": ">=4.2.0"
      }
    }
  },
  "dependencies": {
    "@capacitor/android": {
      "version": "3.0.0-rc.0",
      "resolved": "https://registry.npmjs.org/@capacitor/android/-/android-3.0.0-rc.0.tgz",
      "integrity": "sha512-61CDzUQ6H3uqM/jmvq40wX4c0HuUAQvdBsvF94mGlFU3IKtjAjFV/UyrLfYgdL6v1RD+hv6UGUUj9k1Kto7sPA==",
      "dev": true,
      "requires": {}
    },
    "@capacitor/core": {
      "version": "3.0.0-rc.0",
      "resolved": "https://registry.npmjs.org/@capacitor/core/-/core-3.0.0-rc.0.tgz",
      "integrity": "sha512-mg9k9iP+/yZ/uEqnOO+Pqc6Dqlyz98y19gNTP3q5dcUBVizGLaze615jt7xwjRppXlmCm+DMD1lN68ye8gU/dw==",
      "requires": {
        "tslib": "^2.1.0"
      }
    },
    "@capacitor/ios": {
      "version": "3.0.0-rc.0",
      "resolved": "https://registry.npmjs.org/@capacitor/ios/-/ios-3.0.0-rc.0.tgz",
      "integrity": "sha512-c92qeHIKoC/HPBB9Ji+kdn9LJ2HPeRoWpamV/7OOlS2SAB+GjHWHWjuP8aWLnUFqFZxI7Mfrfo65Gd6N4haoGw==",
      "dev": true,
      "requires": {}
    },
    "@types/gapi": {
      "version": "0.0.36",
      "resolved": "https://registry.npmjs.org/@types/gapi/-/gapi-0.0.36.tgz",
      "integrity": "sha512-biMDn3eNRoPEMaPTEn5DwKXu64ng3U3cDQkePOllZ7uTRcA9lpPqwcLrDPF1cP0v+CrAtyv8w95/eVDSsQYPYQ==",
      "dev": true
    },
    "@types/gapi.auth2": {
      "version": "0.0.50",
      "resolved": "https://registry.npmjs.org/@types/gapi.auth2/-/gapi.auth2-0.0.50.tgz",
      "integrity": "sha512-yQe75u0GZZYGg1VLnnGAK4mpb1gJrTSNPCDncEBrVpMuWQY2etBgrdPFDeR5dDn9ntZCjmuD9bMptdxCke+1bQ==",
      "dev": true,
      "requires": {
        "@types/gapi": "*"
      }
    },
    "tslib": {
      "version": "2.1.0",
      "resolved": "https://registry.npmjs.org/tslib/-/tslib-2.1.0.tgz",
      "integrity": "sha512-hcVC3wYEziELGGmEEXue7D75zbwIIVUMWAVbHItGPx0ziyXxrOMQx4rQEVEV45Ut/1IotuEvwqPopzIOkDMf0A=="
    },
    "typescript": {
      "version": "3.4.5",
      "resolved": "https://registry.npmjs.org/typescript/-/typescript-3.4.5.tgz",
      "integrity": "sha512-YycBxUb49UUhdNMU5aJ7z5Ej2XGmaIBL0x34vZ82fn3hGvD+bgrMrVDpatgz2f7YxUMJxMkbWxJZeAvDxVe7Vw==",
      "dev": true
    }
  }
}
